{
  "name": "fengari-devtools",
  "version": "1.0.0",
  "lockfileVersion": 1,
  "requires": true,
  "dependencies": {
    "fengari": {
      "version": "github:fengari-lua/fengari#0a8bc0b30644c514d822fb32a184318f7353a285",
      "requires": {
        "readline-sync": "1.4.7",
        "sprintf-js": "1.1.1",
        "strftime": "0.10.0",
        "tmp": "0.0.33"
      }
    },
    "fengari-interop": {
      "version": "github:fengari-lua/fengari-interop#59343846b9dae27650120f486c6c0367954268f6",
      "requires": {
        "fengari": "github:fengari-lua/fengari#0a8bc0b30644c514d822fb32a184318f7353a285"
      }
    },
    "fengari-web": {
      "version": "git+https://github.com/fengari-lua/fengari-web.git#358342b5bd7559a0d35bdce55e6f8de21a8ba8c7",
      "requires": {
        "fengari": "github:fengari-lua/fengari#0a8bc0b30644c514d822fb32a184318f7353a285",
        "fengari-interop": "github:fengari-lua/fengari-interop#59343846b9dae27650120f486c6c0367954268f6"
      }
    },
    "os-tmpdir": {
      "version": "1.0.2",
      "resolved": "https://registry.npmjs.org/os-tmpdir/-/os-tmpdir-1.0.2.tgz",
      "integrity": "sha1-u+Z0BseaqFxc/sdm/lc0VV36EnQ="
    },
    "readline-sync": {
      "version": "1.4.7",
      "resolved": "https://registry.npmjs.org/readline-sync/-/readline-sync-1.4.7.tgz",
      "integrity": "sha1-ABv91MBhEMPAhMY798alYCIhPzA="
    },
    "sprintf-js": {
      "version": "1.1.1",
      "resolved": "https://registry.npmjs.org/sprintf-js/-/sprintf-js-1.1.1.tgz",
      "integrity": "sha1-Nr54Mgr+WAH2zqPueLblqrlA6gw="
    },
    "strftime": {
      "version": "0.10.0",
      "resolved": "https://registry.npmjs.org/strftime/-/strftime-0.10.0.tgz",
      "integrity": "sha1-s/D6QZKVICpaKJ9ta+n0kJphcZM="
    },
    "tmp": {
      "version": "0.0.33",
      "resolved": "https://registry.npmjs.org/tmp/-/tmp-0.0.33.tgz",
      "integrity": "sha512-jRCJlojKnZ3addtTOjdIqoRuPEKBvNXcGYqzO6zWZX8KfKEpnGY5jfggJQ3EjKuu8D4bJRr0y+cYJFmYbImXGw==",
      "requires": {
        "os-tmpdir": "1.0.2"
      }
    }
  }
}
